
Microsoft Visual Studio Solution File, Format Version 12.00
# Visual Studio Version 17
VisualStudioVersion = 17.4.33213.308
MinimumVisualStudioVersion = 10.0.40219.1
Project("{9A19103F-16F7-4668-BE54-9A1E7A4F7556}") = "eProdaja.API", "eProdaja.API\eProdaja.API.csproj", "{161CA7DA-6C06-4FC0-AF0A-AD6BA641CD72}"
EndProject
Project("{9A19103F-16F7-4668-BE54-9A1E7A4F7556}") = "eProdaja.Models", "eProdaja.Models\eProdaja.Models.csproj", "{FAC8E38C-C49B-4D78-8F25-19669F0D8986}"
EndProject
Project("{9A19103F-16F7-4668-BE54-9A1E7A4F7556}") = "eProdaja.Services", "eProdaja.Services\eProdaja.Services.csproj", "{A248FBF0-A7F4-44AB-B195-A3A56C6FF196}"
EndProject
Project("{9A19103F-16F7-4668-BE54-9A1E7A4F7556}") = "eProdaja.WinUI", "eProdaja.WinUI\eProdaja.WinUI.csproj", "{8FD88965-6D27-48D8-ABFF-955CCC928D39}"
EndProject
Global
	GlobalSection(SolutionConfigurationPlatforms) = preSolution
		Debug|Any CPU = Debug|Any CPU
		Release|Any CPU = Release|Any CPU
	EndGlobalSection
	GlobalSection(ProjectConfigurationPlatforms) = postSolution
		{161CA7DA-6C06-4FC0-AF0A-AD6BA641CD72}.Debug|Any CPU.ActiveCfg = Debug|Any CPU
		{161CA7DA-6C06-4FC0-AF0A-AD6BA641CD72}.Debug|Any CPU.Build.0 = Debug|Any CPU
		{161CA7DA-6C06-4FC0-AF0A-AD6BA641CD72}.Release|Any CPU.ActiveCfg = Release|Any CPU
		{161CA7DA-6C06-4FC0-AF0A-AD6BA641CD72}.Release|Any CPU.Build.0 = Release|Any CPU
		{FAC8E38C-C49B-4D78-8F25-19669F0D8986}.Debug|Any CPU.ActiveCfg = Debug|Any CPU
		{FAC8E38C-C49B-4D78-8F25-19669F0D8986}.Debug|Any CPU.Build.0 = Debug|Any CPU
		{FAC8E38C-C49B-4D78-8F25-19669F0D8986}.Release|Any CPU.ActiveCfg = Release|Any CPU
		{FAC8E38C-C49B-4D78-8F25-19669F0D8986}.Release|Any CPU.Build.0 = Release|Any CPU
		{A248FBF0-A7F4-44AB-B195-A3A56C6FF196}.Debug|Any CPU.ActiveCfg = Debug|Any CPU
		{A248FBF0-A7F4-44AB-B195-A3A56C6FF196}.Debug|Any CPU.Build.0 = Debug|Any CPU
		{A248FBF0-A7F4-44AB-B195-A3A56C6FF196}.Release|Any CPU.ActiveCfg = Release|Any CPU
		{A248FBF0-A7F4-44AB-B195-A3A56C6FF196}.Release|Any CPU.Build.0 = Release|Any CPU
		{8FD88965-6D27-48D8-ABFF-955CCC928D39}.Debug|Any CPU.ActiveCfg = Debug|Any CPU
		{8FD88965-6D27-48D8-ABFF-955CCC928D39}.Debug|Any CPU.Build.0 = Debug|Any CPU
		{8FD88965-6D27-48D8-ABFF-955CCC928D39}.Release|Any CPU.ActiveCfg = Release|Any CPU
		{8FD88965-6D27-48D8-ABFF-955CCC928D39}.Release|Any CPU.Build.0 = Release|Any CPU
	EndGlobalSection
	GlobalSection(SolutionProperties) = preSolution
		HideSolutionNode = FALSE
	EndGlobalSection
	GlobalSection(ExtensibilityGlobals) = postSolution
		SolutionGuid = {751A307B-41C4-47F8-9B53-647788F0127F}
	EndGlobalSection
EndGlobal
